
Microsoft Visual Studio Solution File, Format Version 12.00
# Visual Studio 15
Project("{FAE04EC0-301F-11D3-BF4B-00C04F79EFBC}") = "Assembly-CSharp", "Assembly-CSharp.csproj", "{E1581F90-980A-4298-86D9-17F0BBC37A34}"
EndProject
Project("{FAE04EC0-301F-11D3-BF4B-00C04F79EFBC}") = "Assembly-CSharp-Editor", "Assembly-CSharp-Editor.csproj", "{023551AF-D188-7B5A-DCE4-A5B267AC822D}"
EndProject
Global
	GlobalSection(SolutionConfigurationPlatforms) = preSolution
		Debug|Any CPU = Debug|Any CPU
		Release|Any CPU = Release|Any CPU
	EndGlobalSection
	GlobalSection(ProjectConfigurationPlatforms) = postSolution
		{E1581F90-980A-4298-86D9-17F0BBC37A34}.Debug|Any CPU.ActiveCfg = Debug|Any CPU
		{E1581F90-980A-4298-86D9-17F0BBC37A34}.Debug|Any CPU.Build.0 = Debug|Any CPU
		{E1581F90-980A-4298-86D9-17F0BBC37A34}.Release|Any CPU.ActiveCfg = Release|Any CPU
		{E1581F90-980A-4298-86D9-17F0BBC37A34}.Release|Any CPU.Build.0 = Release|Any CPU
		{023551AF-D188-7B5A-DCE4-A5B267AC822D}.Debug|Any CPU.ActiveCfg = Debug|Any CPU
		{023551AF-D188-7B5A-DCE4-A5B267AC822D}.Debug|Any CPU.Build.0 = Debug|Any CPU
		{023551AF-D188-7B5A-DCE4-A5B267AC822D}.Release|Any CPU.ActiveCfg = Release|Any CPU
		{023551AF-D188-7B5A-DCE4-A5B267AC822D}.Release|Any CPU.Build.0 = Release|Any CPU
	EndGlobalSection
	GlobalSection(SolutionProperties) = preSolution
		HideSolutionNode = FALSE
	EndGlobalSection
EndGlobal
